
Microsoft Visual Studio Solution File, Format Version 12.00
# Visual Studio Version 17
VisualStudioVersion = 17.4.33213.308
MinimumVisualStudioVersion = 10.0.40219.1
Project("{9A19103F-16F7-4668-BE54-9A1E7A4F7556}") = "ATM.DATA", "ATM.DATA\ATM.DATA.csproj", "{3502DD25-5D80-4763-8BF7-CCE3509C18E8}"
EndProject
Project("{9A19103F-16F7-4668-BE54-9A1E7A4F7556}") = "ATM.BLL", "ATM.BLL\ATM.BLL.csproj", "{ABEB7FBE-FB45-4F9D-8D8E-8ECF8E16F66A}"
EndProject
Project("{9A19103F-16F7-4668-BE54-9A1E7A4F7556}") = "ATM.UI", "ATM.UI\ATM.UI.csproj", "{59342EEC-78D0-4ACB-9E0B-0D8D880CE925}"
EndProject
Project("{FAE04EC0-301F-11D3-BF4B-00C04F79EFBC}") = "ATM_App", "ATM_App\ATM_App.csproj", "{B00716AD-FA9F-4850-8E82-63AE3878BA53}"
EndProject
Global
	GlobalSection(SolutionConfigurationPlatforms) = preSolution
		Debug|Any CPU = Debug|Any CPU
		Release|Any CPU = Release|Any CPU
	EndGlobalSection
	GlobalSection(ProjectConfigurationPlatforms) = postSolution
		{3502DD25-5D80-4763-8BF7-CCE3509C18E8}.Debug|Any CPU.ActiveCfg = Debug|Any CPU
		{3502DD25-5D80-4763-8BF7-CCE3509C18E8}.Debug|Any CPU.Build.0 = Debug|Any CPU
		{3502DD25-5D80-4763-8BF7-CCE3509C18E8}.Release|Any CPU.ActiveCfg = Release|Any CPU
		{3502DD25-5D80-4763-8BF7-CCE3509C18E8}.Release|Any CPU.Build.0 = Release|Any CPU
		{ABEB7FBE-FB45-4F9D-8D8E-8ECF8E16F66A}.Debug|Any CPU.ActiveCfg = Debug|Any CPU
		{ABEB7FBE-FB45-4F9D-8D8E-8ECF8E16F66A}.Debug|Any CPU.Build.0 = Debug|Any CPU
		{ABEB7FBE-FB45-4F9D-8D8E-8ECF8E16F66A}.Release|Any CPU.ActiveCfg = Release|Any CPU
		{ABEB7FBE-FB45-4F9D-8D8E-8ECF8E16F66A}.Release|Any CPU.Build.0 = Release|Any CPU
		{59342EEC-78D0-4ACB-9E0B-0D8D880CE925}.Debug|Any CPU.ActiveCfg = Debug|Any CPU
		{59342EEC-78D0-4ACB-9E0B-0D8D880CE925}.Debug|Any CPU.Build.0 = Debug|Any CPU
		{59342EEC-78D0-4ACB-9E0B-0D8D880CE925}.Release|Any CPU.ActiveCfg = Release|Any CPU
		{59342EEC-78D0-4ACB-9E0B-0D8D880CE925}.Release|Any CPU.Build.0 = Release|Any CPU
		{B00716AD-FA9F-4850-8E82-63AE3878BA53}.Debug|Any CPU.ActiveCfg = Debug|Any CPU
		{B00716AD-FA9F-4850-8E82-63AE3878BA53}.Debug|Any CPU.Build.0 = Debug|Any CPU
		{B00716AD-FA9F-4850-8E82-63AE3878BA53}.Release|Any CPU.ActiveCfg = Release|Any CPU
		{B00716AD-FA9F-4850-8E82-63AE3878BA53}.Release|Any CPU.Build.0 = Release|Any CPU
	EndGlobalSection
	GlobalSection(SolutionProperties) = preSolution
		HideSolutionNode = FALSE
	EndGlobalSection
	GlobalSection(ExtensibilityGlobals) = postSolution
		SolutionGuid = {F2E80FFD-AF97-4AD1-9D62-0CC49437B3A6}
	EndGlobalSection
EndGlobal
